{
  "requires": true,
  "lockfileVersion": 1,
  "dependencies": {
    "@angular/animations": {
      "version": "5.2.3",
      "resolved": "https://registry.npmjs.org/@angular/animations/-/animations-5.2.3.tgz",
      "integrity": "sha512-K9rOsRGwt7Zmp/rNdvBmgBKqvEdgCyZF0kvwxrmZfq1Zj0GAkfTAKPL007493O6XFd+icfu/+kmYeqXBGB4gKA==",
      "requires": {
        "tslib": "1.9.0"
      }
    },
    "@angular/cdk": {
      "version": "github:angular/cdk-builds#c00d4245c2ecdf0263a2fb203becf43f7beb2e66",
      "requires": {
        "tslib": "1.9.0"
      }
    },
    "@angular/material": {
      "version": "github:angular/material2-builds#1146184cf6f5e9bda72bbd8831a413e5bb8d512a",
      "requires": {
        "tslib": "1.9.0"
      }
    },
    "tslib": {
      "version": "1.9.0",
      "resolved": "https://registry.npmjs.org/tslib/-/tslib-1.9.0.tgz",
      "integrity": "sha512-f/qGG2tUkrISBlQZEjEqoZ3B2+npJjIf04H1wuAv9iA8i04Icp+61KRXxFdha22670NJopsZCIjhC3SnjPRKrQ=="
    }
  }
}
